
Microsoft Visual Studio Solution File, Format Version 12.00
# Visual Studio Version 16
VisualStudioVersion = 16.0.31205.134
MinimumVisualStudioVersion = 10.0.40219.1
Project("{FAE04EC0-301F-11D3-BF4B-00C04F79EFBC}") = "Gabriel_CashFlowManager", "Gabriel_CashFlowManager.csproj", "{6FB33CC7-FED9-418D-A182-923EDD0B026A}"
EndProject
Global
	GlobalSection(SolutionConfigurationPlatforms) = preSolution
		Debug|Any CPU = Debug|Any CPU
		Release|Any CPU = Release|Any CPU
	EndGlobalSection
	GlobalSection(ProjectConfigurationPlatforms) = postSolution
		{6FB33CC7-FED9-418D-A182-923EDD0B026A}.Debug|Any CPU.ActiveCfg = Debug|Any CPU
		{6FB33CC7-FED9-418D-A182-923EDD0B026A}.Debug|Any CPU.Build.0 = Debug|Any CPU
		{6FB33CC7-FED9-418D-A182-923EDD0B026A}.Release|Any CPU.ActiveCfg = Release|Any CPU
		{6FB33CC7-FED9-418D-A182-923EDD0B026A}.Release|Any CPU.Build.0 = Release|Any CPU
	EndGlobalSection
	GlobalSection(SolutionProperties) = preSolution
		HideSolutionNode = FALSE
	EndGlobalSection
	GlobalSection(ExtensibilityGlobals) = postSolution
		SolutionGuid = {4F92E3A8-1850-4E26-8D13-DDD4B10DCCE5}
	EndGlobalSection
EndGlobal
